{
  "originHash" : "3bddd35b6c88ef971611c2bd52613ad93abf8f1995a2df5799408a513ce1829a",
  "pins" : [
    {
      "identity" : "eventsource",
      "kind" : "remoteSourceControl",
      "location" : "https://github.com/loopwork-ai/eventsource.git",
      "state" : {
        "revision" : "07957602bb99a5355c810187e66e6ce378a1057d",
        "version" : "1.1.1"
      }
    },
    {
      "identity" : "swift-log",
      "kind" : "remoteSourceControl",
      "location" : "https://github.com/apple/swift-log.git",
      "state" : {
        "revision" : "ce592ae52f982c847a4efc0dd881cc9eb32d29f2",
        "version" : "1.6.4"
      }
    },
    {
      "identity" : "swift-mcp-sdk",
      "kind" : "remoteSourceControl",
      "location" : "https://github.com/ShenghaiWang/swift-mcp-sdk.git",
      "state" : {
        "branch" : "BearerAuthorization",
        "revision" : "a2be3028e19e3882ce42cee57783c2d7abd86421"
      }
    },
    {
      "identity" : "swift-syntax",
      "kind" : "remoteSourceControl",
      "location" : "https://github.com/swiftlang/swift-syntax.git",
      "state" : {
        "revision" : "0687f71944021d616d34d922343dcef086855920",
        "version" : "600.0.1"
      }
    },
    {
      "identity" : "swift-system",
      "kind" : "remoteSourceControl",
      "location" : "https://github.com/apple/swift-system.git",
      "state" : {
        "revision" : "41daa93a5d229e1548ec86ab527ce4783ca84dda",
        "version" : "1.6.0"
      }
    }
  ],
  "version" : 3
}
